
Microsoft Visual Studio Solution File, Format Version 12.00
# Visual Studio 15
VisualStudioVersion = 15.0.27004.2009
MinimumVisualStudioVersion = 10.0.40219.1
Project("{FAE04EC0-301F-11D3-BF4B-00C04F79EFBC}") = "WechatConsole", "WechatConsole\WechatConsole.csproj", "{0A39988C-126D-4AE0-8373-A3E65F112A7D}"
EndProject
Global
	GlobalSection(SolutionConfigurationPlatforms) = preSolution
		Debug|Any CPU = Debug|Any CPU
		Release|Any CPU = Release|Any CPU
	EndGlobalSection
	GlobalSection(ProjectConfigurationPlatforms) = postSolution
		{0A39988C-126D-4AE0-8373-A3E65F112A7D}.Debug|Any CPU.ActiveCfg = Debug|Any CPU
		{0A39988C-126D-4AE0-8373-A3E65F112A7D}.Debug|Any CPU.Build.0 = Debug|Any CPU
		{0A39988C-126D-4AE0-8373-A3E65F112A7D}.Release|Any CPU.ActiveCfg = Release|Any CPU
		{0A39988C-126D-4AE0-8373-A3E65F112A7D}.Release|Any CPU.Build.0 = Release|Any CPU
	EndGlobalSection
	GlobalSection(SolutionProperties) = preSolution
		HideSolutionNode = FALSE
	EndGlobalSection
	GlobalSection(ExtensibilityGlobals) = postSolution
		SolutionGuid = {A058D305-50C7-49DC-A168-FD1BD34A920D}
	EndGlobalSection
EndGlobal
